
Microsoft Visual Studio Solution File, Format Version 12.00
# Visual Studio Version 17
VisualStudioVersion = 17.4.33205.214
MinimumVisualStudioVersion = 10.0.40219.1
Project("{FAE04EC0-301F-11D3-BF4B-00C04F79EFBC}") = "EnergyPriceCalculations", "EnergyPriceCalculations\EnergyPriceCalculations.csproj", "{C26D2661-E007-4CD2-ACD5-61CD304FCE34}"
EndProject
Global
	GlobalSection(SolutionConfigurationPlatforms) = preSolution
		Debug|Any CPU = Debug|Any CPU
		Release|Any CPU = Release|Any CPU
	EndGlobalSection
	GlobalSection(ProjectConfigurationPlatforms) = postSolution
		{C26D2661-E007-4CD2-ACD5-61CD304FCE34}.Debug|Any CPU.ActiveCfg = Debug|Any CPU
		{C26D2661-E007-4CD2-ACD5-61CD304FCE34}.Debug|Any CPU.Build.0 = Debug|Any CPU
		{C26D2661-E007-4CD2-ACD5-61CD304FCE34}.Release|Any CPU.ActiveCfg = Release|Any CPU
		{C26D2661-E007-4CD2-ACD5-61CD304FCE34}.Release|Any CPU.Build.0 = Release|Any CPU
	EndGlobalSection
	GlobalSection(SolutionProperties) = preSolution
		HideSolutionNode = FALSE
	EndGlobalSection
	GlobalSection(ExtensibilityGlobals) = postSolution
		SolutionGuid = {957085CB-49AA-4CB4-A321-C0CB33350904}
	EndGlobalSection
EndGlobal
